// !$*UTF8*$!
{
	archiveVersion = 1;
	classes = {
	};
	objectVersion = 46;
	objects = {

/* Begin PBXBuildFile section */
		0EA2771297D2AE154EB89F81 /* Pods_Team_Tiger.framework in Frameworks */ = {isa = PBXBuildFile; fileRef = 6B8FACEC46CF9107F6B21615 /* Pods_Team_Tiger.framework */; };
		11024A4F1D551C490001BAFC /* DataStore.swift in Sources */ = {isa = PBXBuildFile; fileRef = 11024A4E1D551C490001BAFC /* DataStore.swift */; };
		11024A741D551FB80001BAFC /* User+CoreDataProperties.swift in Sources */ = {isa = PBXBuildFile; fileRef = 11024A701D551FB80001BAFC /* User+CoreDataProperties.swift */; };
		11024A751D551FB80001BAFC /* User.swift in Sources */ = {isa = PBXBuildFile; fileRef = 11024A711D551FB80001BAFC /* User.swift */; };
		11024A761D551FB80001BAFC /* Favorites+CoreDataProperties.swift in Sources */ = {isa = PBXBuildFile; fileRef = 11024A721D551FB80001BAFC /* Favorites+CoreDataProperties.swift */; };
		11024A771D551FB80001BAFC /* Favorites.swift in Sources */ = {isa = PBXBuildFile; fileRef = 11024A731D551FB80001BAFC /* Favorites.swift */; };
		11DF7A0D1D5528BE004E410E /* Secrets.swift in Sources */ = {isa = PBXBuildFile; fileRef = 11DF7A0C1D5528BE004E410E /* Secrets.swift */; };
		174A95B11D5903F800841B2C /* LocationStuff.swift in Sources */ = {isa = PBXBuildFile; fileRef = 174A95B01D5903F800841B2C /* LocationStuff.swift */; };
		4F45BF191D53D0290029FD30 /* AppDelegate.swift in Sources */ = {isa = PBXBuildFile; fileRef = 4F45BF181D53D0290029FD30 /* AppDelegate.swift */; };
		4F45BF1B1D53D0290029FD30 /* ViewController.swift in Sources */ = {isa = PBXBuildFile; fileRef = 4F45BF1A1D53D0290029FD30 /* ViewController.swift */; };
		4F45BF1E1D53D0290029FD30 /* Main.storyboard in Resources */ = {isa = PBXBuildFile; fileRef = 4F45BF1C1D53D0290029FD30 /* Main.storyboard */; };
		4F45BF211D53D0290029FD30 /* Team_Tiger.xcdatamodeld in Sources */ = {isa = PBXBuildFile; fileRef = 4F45BF1F1D53D0290029FD30 /* Team_Tiger.xcdatamodeld */; };
		4F45BF231D53D0290029FD30 /* Assets.xcassets in Resources */ = {isa = PBXBuildFile; fileRef = 4F45BF221D53D0290029FD30 /* Assets.xcassets */; };
		4F45BF261D53D0290029FD30 /* LaunchScreen.storyboard in Resources */ = {isa = PBXBuildFile; fileRef = 4F45BF241D53D0290029FD30 /* LaunchScreen.storyboard */; };
		4F5277751D5A49CC00B4EE49 /* ParksApiClient.swift in Sources */ = {isa = PBXBuildFile; fileRef = 4F5277741D5A49CC00B4EE49 /* ParksApiClient.swift */; };
		4F6B89B61D5A79AE0051BA1C /* OnboardingPageViewController.swift in Sources */ = {isa = PBXBuildFile; fileRef = 4F6B89B51D5A79AE0051BA1C /* OnboardingPageViewController.swift */; };
		4F6B89B81D5A7D090051BA1C /* onboardingViewController.swift in Sources */ = {isa = PBXBuildFile; fileRef = 4F6B89B71D5A7D090051BA1C /* onboardingViewController.swift */; };
/* End PBXBuildFile section */

/* Begin PBXFileReference section */
		0862F13632B66FB008714CB2 /* Pods-Team-Tiger.debug.xcconfig */ = {isa = PBXFileReference; includeInIndex = 1; lastKnownFileType = text.xcconfig; name = "Pods-Team-Tiger.debug.xcconfig"; path = "Pods/Target Support Files/Pods-Team-Tiger/Pods-Team-Tiger.debug.xcconfig"; sourceTree = "<group>"; };
		11024A4E1D551C490001BAFC /* DataStore.swift */ = {isa = PBXFileReference; fileEncoding = 4; lastKnownFileType = sourcecode.swift; path = DataStore.swift; sourceTree = "<group>"; };
		11024A701D551FB80001BAFC /* User+CoreDataProperties.swift */ = {isa = PBXFileReference; fileEncoding = 4; lastKnownFileType = sourcecode.swift; name = "User+CoreDataProperties.swift"; path = "../User+CoreDataProperties.swift"; sourceTree = "<group>"; };
		11024A711D551FB80001BAFC /* User.swift */ = {isa = PBXFileReference; fileEncoding = 4; lastKnownFileType = sourcecode.swift; name = User.swift; path = ../User.swift; sourceTree = "<group>"; };
		11024A721D551FB80001BAFC /* Favorites+CoreDataProperties.swift */ = {isa = PBXFileReference; fileEncoding = 4; lastKnownFileType = sourcecode.swift; name = "Favorites+CoreDataProperties.swift"; path = "../Favorites+CoreDataProperties.swift"; sourceTree = "<group>"; };
		11024A731D551FB80001BAFC /* Favorites.swift */ = {isa = PBXFileReference; fileEncoding = 4; lastKnownFileType = sourcecode.swift; name = Favorites.swift; path = ../Favorites.swift; sourceTree = "<group>"; };
		11DF7A0C1D5528BE004E410E /* Secrets.swift */ = {isa = PBXFileReference; fileEncoding = 4; lastKnownFileType = sourcecode.swift; path = Secrets.swift; sourceTree = "<group>"; };
		174A95B01D5903F800841B2C /* LocationStuff.swift */ = {isa = PBXFileReference; fileEncoding = 4; lastKnownFileType = sourcecode.swift; path = LocationStuff.swift; sourceTree = SOURCE_ROOT; };
		4F45BF151D53D0290029FD30 /* Team-Tiger.app */ = {isa = PBXFileReference; explicitFileType = wrapper.application; includeInIndex = 0; path = "Team-Tiger.app"; sourceTree = BUILT_PRODUCTS_DIR; };
		4F45BF181D53D0290029FD30 /* AppDelegate.swift */ = {isa = PBXFileReference; lastKnownFileType = sourcecode.swift; path = AppDelegate.swift; sourceTree = "<group>"; };
		4F45BF1A1D53D0290029FD30 /* ViewController.swift */ = {isa = PBXFileReference; lastKnownFileType = sourcecode.swift; path = ViewController.swift; sourceTree = "<group>"; };
		4F45BF1D1D53D0290029FD30 /* Base */ = {isa = PBXFileReference; lastKnownFileType = file.storyboard; name = Base; path = Base.lproj/Main.storyboard; sourceTree = "<group>"; };
		4F45BF201D53D0290029FD30 /* Team_Tiger.xcdatamodel */ = {isa = PBXFileReference; lastKnownFileType = wrapper.xcdatamodel; path = Team_Tiger.xcdatamodel; sourceTree = "<group>"; };
		4F45BF221D53D0290029FD30 /* Assets.xcassets */ = {isa = PBXFileReference; lastKnownFileType = folder.assetcatalog; path = Assets.xcassets; sourceTree = "<group>"; };
		4F45BF251D53D0290029FD30 /* Base */ = {isa = PBXFileReference; lastKnownFileType = file.storyboard; name = Base; path = Base.lproj/LaunchScreen.storyboard; sourceTree = "<group>"; };
		4F45BF271D53D0290029FD30 /* Info.plist */ = {isa = PBXFileReference; lastKnownFileType = text.plist.xml; path = Info.plist; sourceTree = "<group>"; };
		4F5277741D5A49CC00B4EE49 /* ParksApiClient.swift */ = {isa = PBXFileReference; fileEncoding = 4; lastKnownFileType = sourcecode.swift; path = ParksApiClient.swift; sourceTree = "<group>"; };
		4F6B89B51D5A79AE0051BA1C /* OnboardingPageViewController.swift */ = {isa = PBXFileReference; fileEncoding = 4; lastKnownFileType = sourcecode.swift; path = OnboardingPageViewController.swift; sourceTree = "<group>"; };
		4F6B89B71D5A7D090051BA1C /* onboardingViewController.swift */ = {isa = PBXFileReference; fileEncoding = 4; lastKnownFileType = sourcecode.swift; path = onboardingViewController.swift; sourceTree = "<group>"; };
		5A85A8E21CAABFDD5515690C /* Pods-Team-Tiger.release.xcconfig */ = {isa = PBXFileReference; includeInIndex = 1; lastKnownFileType = text.xcconfig; name = "Pods-Team-Tiger.release.xcconfig"; path = "Pods/Target Support Files/Pods-Team-Tiger/Pods-Team-Tiger.release.xcconfig"; sourceTree = "<group>"; };
		6B8FACEC46CF9107F6B21615 /* Pods_Team_Tiger.framework */ = {isa = PBXFileReference; explicitFileType = wrapper.framework; includeInIndex = 0; path = Pods_Team_Tiger.framework; sourceTree = BUILT_PRODUCTS_DIR; };
/* End PBXFileReference section */

/* Begin PBXFrameworksBuildPhase section */
		4F45BF121D53D0290029FD30 /* Frameworks */ = {
			isa = PBXFrameworksBuildPhase;
			buildActionMask = 2147483647;
			files = (
				0EA2771297D2AE154EB89F81 /* Pods_Team_Tiger.framework in Frameworks */,
			);
			runOnlyForDeploymentPostprocessing = 0;
		};
/* End PBXFrameworksBuildPhase section */

/* Begin PBXGroup section */
		2714E1864DA6B6FC51598232 /* Frameworks */ = {
			isa = PBXGroup;
			children = (
				6B8FACEC46CF9107F6B21615 /* Pods_Team_Tiger.framework */,
			);
			name = Frameworks;
			sourceTree = "<group>";
		};
		4A9BB34BF8A13FE03A856252 /* Pods */ = {
			isa = PBXGroup;
			children = (
				0862F13632B66FB008714CB2 /* Pods-Team-Tiger.debug.xcconfig */,
				5A85A8E21CAABFDD5515690C /* Pods-Team-Tiger.release.xcconfig */,
			);
			name = Pods;
			sourceTree = "<group>";
		};
		4F45BF0C1D53D0290029FD30 = {
			isa = PBXGroup;
			children = (
				4F45BF171D53D0290029FD30 /* Team-Tiger */,
				4F45BF161D53D0290029FD30 /* Products */,
				4A9BB34BF8A13FE03A856252 /* Pods */,
				2714E1864DA6B6FC51598232 /* Frameworks */,
			);
			sourceTree = "<group>";
		};
		4F45BF161D53D0290029FD30 /* Products */ = {
			isa = PBXGroup;
			children = (
				4F45BF151D53D0290029FD30 /* Team-Tiger.app */,
			);
			name = Products;
			sourceTree = "<group>";
		};
		4F45BF171D53D0290029FD30 /* Team-Tiger */ = {
			isa = PBXGroup;
			children = (
				174A95B01D5903F800841B2C /* LocationStuff.swift */,
				4F45BF181D53D0290029FD30 /* AppDelegate.swift */,
				11024A4E1D551C490001BAFC /* DataStore.swift */,
				4F45BF1A1D53D0290029FD30 /* ViewController.swift */,
				4F5277741D5A49CC00B4EE49 /* ParksApiClient.swift */,
				11DF7A0C1D5528BE004E410E /* Secrets.swift */,
				4F6B89B51D5A79AE0051BA1C /* OnboardingPageViewController.swift */,
				4F6B89B71D5A7D090051BA1C /* onboardingViewController.swift */,
				4F45BF1C1D53D0290029FD30 /* Main.storyboard */,
				11024A701D551FB80001BAFC /* User+CoreDataProperties.swift */,
				11024A711D551FB80001BAFC /* User.swift */,
				11024A721D551FB80001BAFC /* Favorites+CoreDataProperties.swift */,
				11024A731D551FB80001BAFC /* Favorites.swift */,
				4F45BF221D53D0290029FD30 /* Assets.xcassets */,
				4F45BF241D53D0290029FD30 /* LaunchScreen.storyboard */,
				4F45BF271D53D0290029FD30 /* Info.plist */,
				4F45BF1F1D53D0290029FD30 /* Team_Tiger.xcdatamodeld */,
			);
			path = "Team-Tiger";
			sourceTree = "<group>";
		};
/* End PBXGroup section */

/* Begin PBXNativeTarget section */
		4F45BF141D53D0290029FD30 /* Team-Tiger */ = {
			isa = PBXNativeTarget;
			buildConfigurationList = 4F45BF2A1D53D0290029FD30 /* Build configuration list for PBXNativeTarget "Team-Tiger" */;
			buildPhases = (
				DA1374265D6A52B048A362D2 /* [CP] Check Pods Manifest.lock */,
				4F45BF111D53D0290029FD30 /* Sources */,
				4F45BF121D53D0290029FD30 /* Frameworks */,
				4F45BF131D53D0290029FD30 /* Resources */,
				42882E42C26F0B75699A8DF3 /* [CP] Embed Pods Frameworks */,
				CBD20D1A2CB931C30ACC6B04 /* [CP] Copy Pods Resources */,
			);
			buildRules = (
			);
			dependencies = (
			);
			name = "Team-Tiger";
			productName = "Team-Tiger";
			productReference = 4F45BF151D53D0290029FD30 /* Team-Tiger.app */;
			productType = "com.apple.product-type.application";
		};
/* End PBXNativeTarget section */

/* Begin PBXProject section */
		4F45BF0D1D53D0290029FD30 /* Project object */ = {
			isa = PBXProject;
			attributes = {
				LastSwiftUpdateCheck = 0730;
				LastUpgradeCheck = 0730;
				ORGANIZATIONNAME = kencooke;
				TargetAttributes = {
					4F45BF141D53D0290029FD30 = {
						CreatedOnToolsVersion = 7.3.1;
						DevelopmentTeam = 85826LGZGV;
					};
				};
			};
			buildConfigurationList = 4F45BF101D53D0290029FD30 /* Build configuration list for PBXProject "Team-Tiger" */;
			compatibilityVersion = "Xcode 3.2";
			developmentRegion = English;
			hasScannedForEncodings = 0;
			knownRegions = (
				en,
				Base,
			);
			mainGroup = 4F45BF0C1D53D0290029FD30;
			productRefGroup = 4F45BF161D53D0290029FD30 /* Products */;
			projectDirPath = "";
			projectRoot = "";
			targets = (
				4F45BF141D53D0290029FD30 /* Team-Tiger */,
			);
		};
/* End PBXProject section */

/* Begin PBXResourcesBuildPhase section */
		4F45BF131D53D0290029FD30 /* Resources */ = {
			isa = PBXResourcesBuildPhase;
			buildActionMask = 2147483647;
			files = (
				4F45BF261D53D0290029FD30 /* LaunchScreen.storyboard in Resources */,
				4F45BF231D53D0290029FD30 /* Assets.xcassets in Resources */,
				4F45BF1E1D53D0290029FD30 /* Main.storyboard in Resources */,
			);
			runOnlyForDeploymentPostprocessing = 0;
		};
/* End PBXResourcesBuildPhase section */

/* Begin PBXShellScriptBuildPhase section */
		42882E42C26F0B75699A8DF3 /* [CP] Embed Pods Frameworks */ = {
			isa = PBXShellScriptBuildPhase;
			buildActionMask = 2147483647;
			files = (
			);
			inputPaths = (
			);
			name = "[CP] Embed Pods Frameworks";
			outputPaths = (
			);
			runOnlyForDeploymentPostprocessing = 0;
			shellPath = /bin/sh;
			shellScript = "\"${SRCROOT}/Pods/Target Support Files/Pods-Team-Tiger/Pods-Team-Tiger-frameworks.sh\"\n";
			showEnvVarsInLog = 0;
		};
		CBD20D1A2CB931C30ACC6B04 /* [CP] Copy Pods Resources */ = {
			isa = PBXShellScriptBuildPhase;
			buildActionMask = 2147483647;
			files = (
			);
			inputPaths = (
			);
			name = "[CP] Copy Pods Resources";
			outputPaths = (
			);
			runOnlyForDeploymentPostprocessing = 0;
			shellPath = /bin/sh;
			shellScript = "\"${SRCROOT}/Pods/Target Support Files/Pods-Team-Tiger/Pods-Team-Tiger-resources.sh\"\n";
			showEnvVarsInLog = 0;
		};
		DA1374265D6A52B048A362D2 /* [CP] Check Pods Manifest.lock */ = {
			isa = PBXShellScriptBuildPhase;
			buildActionMask = 2147483647;
			files = (
			);
			inputPaths = (
			);
			name = "[CP] Check Pods Manifest.lock";
			outputPaths = (
			);
			runOnlyForDeploymentPostprocessing = 0;
			shellPath = /bin/sh;
			shellScript = "diff \"${PODS_ROOT}/../Podfile.lock\" \"${PODS_ROOT}/Manifest.lock\" > /dev/null\nif [[ $? != 0 ]] ; then\n    cat << EOM\nerror: The sandbox is not in sync with the Podfile.lock. Run 'pod install' or update your CocoaPods installation.\nEOM\n    exit 1\nfi\n";
			showEnvVarsInLog = 0;
		};
/* End PBXShellScriptBuildPhase section */

/* Begin PBXSourcesBuildPhase section */
		4F45BF111D53D0290029FD30 /* Sources */ = {
			isa = PBXSourcesBuildPhase;
			buildActionMask = 2147483647;
			files = (
				11024A771D551FB80001BAFC /* Favorites.swift in Sources */,
				11DF7A0D1D5528BE004E410E /* Secrets.swift in Sources */,
				4F45BF211D53D0290029FD30 /* Team_Tiger.xcdatamodeld in Sources */,
				11024A741D551FB80001BAFC /* User+CoreDataProperties.swift in Sources */,
				4F6B89B61D5A79AE0051BA1C /* OnboardingPageViewController.swift in Sources */,
				4F6B89B81D5A7D090051BA1C /* onboardingViewController.swift in Sources */,
				4F45BF1B1D53D0290029FD30 /* ViewController.swift in Sources */,
				174A95B11D5903F800841B2C /* LocationStuff.swift in Sources */,
				4F5277751D5A49CC00B4EE49 /* ParksApiClient.swift in Sources */,
				11024A4F1D551C490001BAFC /* DataStore.swift in Sources */,
				4F45BF191D53D0290029FD30 /* AppDelegate.swift in Sources */,
				11024A751D551FB80001BAFC /* User.swift in Sources */,
				11024A761D551FB80001BAFC /* Favorites+CoreDataProperties.swift in Sources */,
			);
			runOnlyForDeploymentPostprocessing = 0;
		};
/* End PBXSourcesBuildPhase section */

/* Begin PBXVariantGroup section */
		4F45BF1C1D53D0290029FD30 /* Main.storyboard */ = {
			isa = PBXVariantGroup;
			children = (
				4F45BF1D1D53D0290029FD30 /* Base */,
			);
			name = Main.storyboard;
			sourceTree = "<group>";
		};
		4F45BF241D53D0290029FD30 /* LaunchScreen.storyboard */ = {
			isa = PBXVariantGroup;
			children = (
				4F45BF251D53D0290029FD30 /* Base */,
			);
			name = LaunchScreen.storyboard;
			sourceTree = "<group>";
		};
/* End PBXVariantGroup section */

/* Begin XCBuildConfiguration section */
		4F45BF281D53D0290029FD30 /* Debug */ = {
			isa = XCBuildConfiguration;
			buildSettings = {
				ALWAYS_SEARCH_USER_PATHS = NO;
				CLANG_ANALYZER_NONNULL = YES;
				CLANG_CXX_LANGUAGE_STANDARD = "gnu++0x";
				CLANG_CXX_LIBRARY = "libc++";
				CLANG_ENABLE_MODULES = YES;
				CLANG_ENABLE_OBJC_ARC = YES;
				CLANG_WARN_BOOL_CONVERSION = YES;
				CLANG_WARN_CONSTANT_CONVERSION = YES;
				CLANG_WARN_DIRECT_OBJC_ISA_USAGE = YES_ERROR;
				CLANG_WARN_EMPTY_BODY = YES;
				CLANG_WARN_ENUM_CONVERSION = YES;
				CLANG_WARN_INT_CONVERSION = YES;
				CLANG_WARN_OBJC_ROOT_CLASS = YES_ERROR;
				CLANG_WARN_UNREACHABLE_CODE = YES;
				CLANG_WARN__DUPLICATE_METHOD_MATCH = YES;
				"CODE_SIGN_IDENTITY[sdk=iphoneos*]" = "iPhone Developer";
				COPY_PHASE_STRIP = NO;
				DEBUG_INFORMATION_FORMAT = dwarf;
				ENABLE_STRICT_OBJC_MSGSEND = YES;
				ENABLE_TESTABILITY = YES;
				GCC_C_LANGUAGE_STANDARD = gnu99;
				GCC_DYNAMIC_NO_PIC = NO;
				GCC_NO_COMMON_BLOCKS = YES;
				GCC_OPTIMIZATION_LEVEL = 0;
				GCC_PREPROCESSOR_DEFINITIONS = (
					"DEBUG=1",
					"$(inherited)",
				);
				GCC_WARN_64_TO_32_BIT_CONVERSION = YES;
				GCC_WARN_ABOUT_RETURN_TYPE = YES_ERROR;
				GCC_WARN_UNDECLARED_SELECTOR = YES;
				GCC_WARN_UNINITIALIZED_AUTOS = YES_AGGRESSIVE;
				GCC_WARN_UNUSED_FUNCTION = YES;
				GCC_WARN_UNUSED_VARIABLE = YES;
				IPHONEOS_DEPLOYMENT_TARGET = 9.3;
				MTL_ENABLE_DEBUG_INFO = YES;
				ONLY_ACTIVE_ARCH = YES;
				SDKROOT = iphoneos;
				SWIFT_OPTIMIZATION_LEVEL = "-Onone";
			};
			name = Debug;
		};
		4F45BF291D53D0290029FD30 /* Release */ = {
			isa = XCBuildConfiguration;
			buildSettings = {
				ALWAYS_SEARCH_USER_PATHS = NO;
				CLANG_ANALYZER_NONNULL = YES;
				CLANG_CXX_LANGUAGE_STANDARD = "gnu++0x";
				CLANG_CXX_LIBRARY = "libc++";
				CLANG_ENABLE_MODULES = YES;
				CLANG_ENABLE_OBJC_ARC = YES;
				CLANG_WARN_BOOL_CONVERSION = YES;
				CLANG_WARN_CONSTANT_CONVERSION = YES;
				CLANG_WARN_DIRECT_OBJC_ISA_USAGE = YES_ERROR;
				CLANG_WARN_EMPTY_BODY = YES;
				CLANG_WARN_ENUM_CONVERSION = YES;
				CLANG_WARN_INT_CONVERSION = YES;
				CLANG_WARN_OBJC_ROOT_CLASS = YES_ERROR;
				CLANG_WARN_UNREACHABLE_CODE = YES;
				CLANG_WARN__DUPLICATE_METHOD_MATCH = YES;
				"CODE_SIGN_IDENTITY[sdk=iphoneos*]" = "iPhone Developer";
				COPY_PHASE_STRIP = NO;
				DEBUG_INFORMATION_FORMAT = "dwarf-with-dsym";
				ENABLE_NS_ASSERTIONS = NO;
				ENABLE_STRICT_OBJC_MSGSEND = YES;
				GCC_C_LANGUAGE_STANDARD = gnu99;
				GCC_NO_COMMON_BLOCKS = YES;
				GCC_WARN_64_TO_32_BIT_CONVERSION = YES;
				GCC_WARN_ABOUT_RETURN_TYPE = YES_ERROR;
				GCC_WARN_UNDECLARED_SELECTOR = YES;
				GCC_WARN_UNINITIALIZED_AUTOS = YES_AGGRESSIVE;
				GCC_WARN_UNUSED_FUNCTION = YES;
				GCC_WARN_UNUSED_VARIABLE = YES;
				IPHONEOS_DEPLOYMENT_TARGET = 9.3;
				MTL_ENABLE_DEBUG_INFO = NO;
				SDKROOT = iphoneos;
				VALIDATE_PRODUCT = YES;
			};
			name = Release;
		};
		4F45BF2B1D53D0290029FD30 /* Debug */ = {
			isa = XCBuildConfiguration;
			baseConfigurationReference = 0862F13632B66FB008714CB2 /* Pods-Team-Tiger.debug.xcconfig */;
			buildSettings = {
				ASSETCATALOG_COMPILER_APPICON_NAME = AppIcon;
				CODE_SIGN_IDENTITY = "iPhone Developer";
				"CODE_SIGN_IDENTITY[sdk=iphoneos*]" = "iPhone Developer";
				INFOPLIST_FILE = "Team-Tiger/Info.plist";
				LD_RUNPATH_SEARCH_PATHS = "$(inherited) @executable_path/Frameworks";
				PRODUCT_BUNDLE_IDENTIFIER = "com.kencooke.Team-Tiger";
				PRODUCT_NAME = "$(TARGET_NAME)";
				PROVISIONING_PROFILE = "";
			};
			name = Debug;
		};
		4F45BF2C1D53D0290029FD30 /* Release */ = {
			isa = XCBuildConfiguration;
			baseConfigurationReference = 5A85A8E21CAABFDD5515690C /* Pods-Team-Tiger.release.xcconfig */;
			buildSettings = {
				ASSETCATALOG_COMPILER_APPICON_NAME = AppIcon;
				CODE_SIGN_IDENTITY = "iPhone Developer";
				"CODE_SIGN_IDENTITY[sdk=iphoneos*]" = "iPhone Developer";
				INFOPLIST_FILE = "Team-Tiger/Info.plist";
				LD_RUNPATH_SEARCH_PATHS = "$(inherited) @executable_path/Frameworks";
				PRODUCT_BUNDLE_IDENTIFIER = "com.kencooke.Team-Tiger";
				PRODUCT_NAME = "$(TARGET_NAME)";
				PROVISIONING_PROFILE = "";
			};
			name = Release;
		};
/* End XCBuildConfiguration section */

/* Begin XCConfigurationList section */
		4F45BF101D53D0290029FD30 /* Build configuration list for PBXProject "Team-Tiger" */ = {
			isa = XCConfigurationList;
			buildConfigurations = (
				4F45BF281D53D0290029FD30 /* Debug */,
				4F45BF291D53D0290029FD30 /* Release */,
			);
			defaultConfigurationIsVisible = 0;
			defaultConfigurationName = Release;
		};
		4F45BF2A1D53D0290029FD30 /* Build configuration list for PBXNativeTarget "Team-Tiger" */ = {
			isa = XCConfigurationList;
			buildConfigurations = (
				4F45BF2B1D53D0290029FD30 /* Debug */,
				4F45BF2C1D53D0290029FD30 /* Release */,
			);
			defaultConfigurationIsVisible = 0;
			defaultConfigurationName = Release;
		};
/* End XCConfigurationList section */

/* Begin XCVersionGroup section */
		4F45BF1F1D53D0290029FD30 /* Team_Tiger.xcdatamodeld */ = {
			isa = XCVersionGroup;
			children = (
				4F45BF201D53D0290029FD30 /* Team_Tiger.xcdatamodel */,
			);
			currentVersion = 4F45BF201D53D0290029FD30 /* Team_Tiger.xcdatamodel */;
			path = Team_Tiger.xcdatamodeld;
			sourceTree = "<group>";
			versionGroupType = wrapper.xcdatamodel;
		};
/* End XCVersionGroup section */
	};
	rootObject = 4F45BF0D1D53D0290029FD30 /* Project object */;
}
