// !$*UTF8*$!
{
	archiveVersion = 1;
	classes = {
	};
	objectVersion = 46;
	objects = {

/* Begin PBXBuildFile section */
		11024A4F1D551C490001BAFC /* DataStore.swift in Sources */ = {isa = PBXBuildFile; fileRef = 11024A4E1D551C490001BAFC /* DataStore.swift */; };
		110E70F21D5D035C0063AE78 /* CommunityGardensTableViewController.swift in Sources */ = {isa = PBXBuildFile; fileRef = 110E70F11D5D035C0063AE78 /* CommunityGardensTableViewController.swift */; };
		110E70F41D5D08D00063AE78 /* BotanicalGardensTableViewController.swift in Sources */ = {isa = PBXBuildFile; fileRef = 110E70F31D5D08D00063AE78 /* BotanicalGardensTableViewController.swift */; };
		11DF7A0D1D5528BE004E410E /* Secrets.swift in Sources */ = {isa = PBXBuildFile; fileRef = 11DF7A0C1D5528BE004E410E /* Secrets.swift */; };
		174A95B11D5903F800841B2C /* LocationStuff.swift in Sources */ = {isa = PBXBuildFile; fileRef = 174A95B01D5903F800841B2C /* LocationStuff.swift */; };
		4F45BF191D53D0290029FD30 /* AppDelegate.swift in Sources */ = {isa = PBXBuildFile; fileRef = 4F45BF181D53D0290029FD30 /* AppDelegate.swift */; };
		4F45BF1B1D53D0290029FD30 /* ViewController.swift in Sources */ = {isa = PBXBuildFile; fileRef = 4F45BF1A1D53D0290029FD30 /* ViewController.swift */; };
		4F45BF211D53D0290029FD30 /* Team_Tiger.xcdatamodeld in Sources */ = {isa = PBXBuildFile; fileRef = 4F45BF1F1D53D0290029FD30 /* Team_Tiger.xcdatamodeld */; };
		4F45BF231D53D0290029FD30 /* Assets.xcassets in Resources */ = {isa = PBXBuildFile; fileRef = 4F45BF221D53D0290029FD30 /* Assets.xcassets */; };
		4F45BF261D53D0290029FD30 /* LaunchScreen.storyboard in Resources */ = {isa = PBXBuildFile; fileRef = 4F45BF241D53D0290029FD30 /* LaunchScreen.storyboard */; };
		4F5277751D5A49CC00B4EE49 /* ParksAPIClient.swift in Sources */ = {isa = PBXBuildFile; fileRef = 4F5277741D5A49CC00B4EE49 /* ParksAPIClient.swift */; };
		4F57E5DB1D5D27FA00A6B27B /* KC.storyboard in Resources */ = {isa = PBXBuildFile; fileRef = 4F57E5D91D5D27FA00A6B27B /* KC.storyboard */; };
		4F57E5DD1D5E0AB800A6B27B /* TableViewsStoryBoard.storyboard in Resources */ = {isa = PBXBuildFile; fileRef = 4F57E5DC1D5E0AB800A6B27B /* TableViewsStoryBoard.storyboard */; };
		4F57E5DF1D5E0B7500A6B27B /* ButtonsViewController.swift in Sources */ = {isa = PBXBuildFile; fileRef = 4F57E5DE1D5E0B7500A6B27B /* ButtonsViewController.swift */; };
		4F57E5E11D5E0FCA00A6B27B /* SearchResultsTableViewController.swift in Sources */ = {isa = PBXBuildFile; fileRef = 4F57E5E01D5E0FCA00A6B27B /* SearchResultsTableViewController.swift */; };
		4F66D8BF1D650C9100C45E8F /* User+CoreDataProperties.swift in Sources */ = {isa = PBXBuildFile; fileRef = 4F66D8BB1D650C9100C45E8F /* User+CoreDataProperties.swift */; };
		4F66D8C01D650C9100C45E8F /* User.swift in Sources */ = {isa = PBXBuildFile; fileRef = 4F66D8BC1D650C9100C45E8F /* User.swift */; };
		4F66D8C11D650C9100C45E8F /* Location+CoreDataProperties.swift in Sources */ = {isa = PBXBuildFile; fileRef = 4F66D8BD1D650C9100C45E8F /* Location+CoreDataProperties.swift */; };
		4F66D8C21D650C9100C45E8F /* Location.swift in Sources */ = {isa = PBXBuildFile; fileRef = 4F66D8BE1D650C9100C45E8F /* Location.swift */; };
		4F66D8C41D650F2B00C45E8F /* FavoritesTableViewController.swift in Sources */ = {isa = PBXBuildFile; fileRef = 4F66D8C31D650F2B00C45E8F /* FavoritesTableViewController.swift */; };
		4F66D8C81D661A4900C45E8F /* AQI.storyboard in Resources */ = {isa = PBXBuildFile; fileRef = 4F66D8C71D661A4900C45E8F /* AQI.storyboard */; };
		4F66D8CA1D66262F00C45E8F /* AQIViewController.swift in Sources */ = {isa = PBXBuildFile; fileRef = 4F66D8C91D66262F00C45E8F /* AQIViewController.swift */; };
		4F6B89B61D5A79AE0051BA1C /* OnboardingPageViewController.swift in Sources */ = {isa = PBXBuildFile; fileRef = 4F6B89B51D5A79AE0051BA1C /* OnboardingPageViewController.swift */; };
		4F6B89B81D5A7D090051BA1C /* OnboardingViewController.swift in Sources */ = {isa = PBXBuildFile; fileRef = 4F6B89B71D5A7D090051BA1C /* OnboardingViewController.swift */; };
		4F8C6DA31D5BBD3400291193 /* AirQualityAPIClient.swift in Sources */ = {isa = PBXBuildFile; fileRef = 4F8C6DA21D5BBD3400291193 /* AirQualityAPIClient.swift */; };
		8F0257D91D6155DB002F9D5B /* detailVC.storyboard in Resources */ = {isa = PBXBuildFile; fileRef = 8F0257D81D6155DB002F9D5B /* detailVC.storyboard */; };
		8F0257DB1D61562A002F9D5B /* detailViewController.swift in Sources */ = {isa = PBXBuildFile; fileRef = 8F0257DA1D61562A002F9D5B /* detailViewController.swift */; };
		DD7587198BFFEB1F0FE11928 /* Pods_Team_Tiger.framework in Frameworks */ = {isa = PBXBuildFile; fileRef = A6660E91AC978080390424C0 /* Pods_Team_Tiger.framework */; };
/* End PBXBuildFile section */

/* Begin PBXFileReference section */
		11024A4E1D551C490001BAFC /* DataStore.swift */ = {isa = PBXFileReference; fileEncoding = 4; lastKnownFileType = sourcecode.swift; path = DataStore.swift; sourceTree = "<group>"; };
		110E70F11D5D035C0063AE78 /* CommunityGardensTableViewController.swift */ = {isa = PBXFileReference; fileEncoding = 4; lastKnownFileType = sourcecode.swift; path = CommunityGardensTableViewController.swift; sourceTree = "<group>"; };
		110E70F31D5D08D00063AE78 /* BotanicalGardensTableViewController.swift */ = {isa = PBXFileReference; fileEncoding = 4; lastKnownFileType = sourcecode.swift; path = BotanicalGardensTableViewController.swift; sourceTree = "<group>"; };
		1145F1DC1D5CF7E400DEFA97 /* FarmersMarketTableViewController.swift */ = {isa = PBXFileReference; fileEncoding = 4; lastKnownFileType = sourcecode.swift; path = FarmersMarketTableViewController.swift; sourceTree = "<group>"; };
		11DF7A0C1D5528BE004E410E /* Secrets.swift */ = {isa = PBXFileReference; fileEncoding = 4; lastKnownFileType = sourcecode.swift; path = Secrets.swift; sourceTree = "<group>"; };
		174A95B01D5903F800841B2C /* LocationStuff.swift */ = {isa = PBXFileReference; fileEncoding = 4; lastKnownFileType = sourcecode.swift; path = LocationStuff.swift; sourceTree = SOURCE_ROOT; };
		4F45BF151D53D0290029FD30 /* Team-Tiger.app */ = {isa = PBXFileReference; explicitFileType = wrapper.application; includeInIndex = 0; path = "Team-Tiger.app"; sourceTree = BUILT_PRODUCTS_DIR; };
		4F45BF181D53D0290029FD30 /* AppDelegate.swift */ = {isa = PBXFileReference; lastKnownFileType = sourcecode.swift; path = AppDelegate.swift; sourceTree = "<group>"; };
		4F45BF1A1D53D0290029FD30 /* ViewController.swift */ = {isa = PBXFileReference; lastKnownFileType = sourcecode.swift; path = ViewController.swift; sourceTree = "<group>"; };
		4F45BF201D53D0290029FD30 /* Team_Tiger.xcdatamodel */ = {isa = PBXFileReference; lastKnownFileType = wrapper.xcdatamodel; path = Team_Tiger.xcdatamodel; sourceTree = "<group>"; };
		4F45BF221D53D0290029FD30 /* Assets.xcassets */ = {isa = PBXFileReference; lastKnownFileType = folder.assetcatalog; path = Assets.xcassets; sourceTree = "<group>"; };
		4F45BF251D53D0290029FD30 /* Base */ = {isa = PBXFileReference; lastKnownFileType = file.storyboard; name = Base; path = Base.lproj/LaunchScreen.storyboard; sourceTree = "<group>"; };
		4F45BF271D53D0290029FD30 /* Info.plist */ = {isa = PBXFileReference; lastKnownFileType = text.plist.xml; path = Info.plist; sourceTree = "<group>"; };
		4F5277741D5A49CC00B4EE49 /* ParksAPIClient.swift */ = {isa = PBXFileReference; fileEncoding = 4; lastKnownFileType = sourcecode.swift; path = ParksAPIClient.swift; sourceTree = "<group>"; };
		4F57E5DA1D5D27FA00A6B27B /* Base */ = {isa = PBXFileReference; lastKnownFileType = file.storyboard; name = Base; path = Base.lproj/KC.storyboard; sourceTree = "<group>"; };
		4F57E5DC1D5E0AB800A6B27B /* TableViewsStoryBoard.storyboard */ = {isa = PBXFileReference; fileEncoding = 4; lastKnownFileType = file.storyboard; path = TableViewsStoryBoard.storyboard; sourceTree = "<group>"; };
		4F57E5DE1D5E0B7500A6B27B /* ButtonsViewController.swift */ = {isa = PBXFileReference; fileEncoding = 4; lastKnownFileType = sourcecode.swift; path = ButtonsViewController.swift; sourceTree = "<group>"; };
		4F57E5E01D5E0FCA00A6B27B /* SearchResultsTableViewController.swift */ = {isa = PBXFileReference; fileEncoding = 4; lastKnownFileType = sourcecode.swift; path = SearchResultsTableViewController.swift; sourceTree = "<group>"; };
		4F66D8BB1D650C9100C45E8F /* User+CoreDataProperties.swift */ = {isa = PBXFileReference; fileEncoding = 4; lastKnownFileType = sourcecode.swift; path = "User+CoreDataProperties.swift"; sourceTree = "<group>"; };
		4F66D8BC1D650C9100C45E8F /* User.swift */ = {isa = PBXFileReference; fileEncoding = 4; lastKnownFileType = sourcecode.swift; path = User.swift; sourceTree = "<group>"; };
		4F66D8BD1D650C9100C45E8F /* Location+CoreDataProperties.swift */ = {isa = PBXFileReference; fileEncoding = 4; lastKnownFileType = sourcecode.swift; path = "Location+CoreDataProperties.swift"; sourceTree = "<group>"; };
		4F66D8BE1D650C9100C45E8F /* Location.swift */ = {isa = PBXFileReference; fileEncoding = 4; lastKnownFileType = sourcecode.swift; path = Location.swift; sourceTree = "<group>"; };
		4F66D8C31D650F2B00C45E8F /* FavoritesTableViewController.swift */ = {isa = PBXFileReference; fileEncoding = 4; lastKnownFileType = sourcecode.swift; path = FavoritesTableViewController.swift; sourceTree = "<group>"; };
		4F66D8C71D661A4900C45E8F /* AQI.storyboard */ = {isa = PBXFileReference; fileEncoding = 4; lastKnownFileType = file.storyboard; path = AQI.storyboard; sourceTree = "<group>"; };
		4F66D8C91D66262F00C45E8F /* AQIViewController.swift */ = {isa = PBXFileReference; fileEncoding = 4; lastKnownFileType = sourcecode.swift; path = AQIViewController.swift; sourceTree = "<group>"; };
		4F6B89B51D5A79AE0051BA1C /* OnboardingPageViewController.swift */ = {isa = PBXFileReference; fileEncoding = 4; lastKnownFileType = sourcecode.swift; path = OnboardingPageViewController.swift; sourceTree = "<group>"; };
		4F6B89B71D5A7D090051BA1C /* OnboardingViewController.swift */ = {isa = PBXFileReference; fileEncoding = 4; lastKnownFileType = sourcecode.swift; path = OnboardingViewController.swift; sourceTree = "<group>"; };
		4F8C6DA21D5BBD3400291193 /* AirQualityAPIClient.swift */ = {isa = PBXFileReference; fileEncoding = 4; lastKnownFileType = sourcecode.swift; path = AirQualityAPIClient.swift; sourceTree = "<group>"; };
		8F0257D81D6155DB002F9D5B /* detailVC.storyboard */ = {isa = PBXFileReference; fileEncoding = 4; lastKnownFileType = file.storyboard; path = detailVC.storyboard; sourceTree = "<group>"; };
		8F0257DA1D61562A002F9D5B /* detailViewController.swift */ = {isa = PBXFileReference; fileEncoding = 4; lastKnownFileType = sourcecode.swift; path = detailViewController.swift; sourceTree = "<group>"; };
		A6660E91AC978080390424C0 /* Pods_Team_Tiger.framework */ = {isa = PBXFileReference; explicitFileType = wrapper.framework; includeInIndex = 0; path = Pods_Team_Tiger.framework; sourceTree = BUILT_PRODUCTS_DIR; };
		B7B2832F296E0C175CC97110 /* Pods-Team-Tiger.release.xcconfig */ = {isa = PBXFileReference; includeInIndex = 1; lastKnownFileType = text.xcconfig; name = "Pods-Team-Tiger.release.xcconfig"; path = "Pods/Target Support Files/Pods-Team-Tiger/Pods-Team-Tiger.release.xcconfig"; sourceTree = "<group>"; };
		F15865EB5669683C33E0A35B /* Pods-Team-Tiger.debug.xcconfig */ = {isa = PBXFileReference; includeInIndex = 1; lastKnownFileType = text.xcconfig; name = "Pods-Team-Tiger.debug.xcconfig"; path = "Pods/Target Support Files/Pods-Team-Tiger/Pods-Team-Tiger.debug.xcconfig"; sourceTree = "<group>"; };
/* End PBXFileReference section */

/* Begin PBXFrameworksBuildPhase section */
		4F45BF121D53D0290029FD30 /* Frameworks */ = {
			isa = PBXFrameworksBuildPhase;
			buildActionMask = 2147483647;
			files = (
				DD7587198BFFEB1F0FE11928 /* Pods_Team_Tiger.framework in Frameworks */,
			);
			runOnlyForDeploymentPostprocessing = 0;
		};
/* End PBXFrameworksBuildPhase section */

/* Begin PBXGroup section */
		063386E6F9ADA74CDD857BEF /* Pods */ = {
			isa = PBXGroup;
			children = (
				F15865EB5669683C33E0A35B /* Pods-Team-Tiger.debug.xcconfig */,
				B7B2832F296E0C175CC97110 /* Pods-Team-Tiger.release.xcconfig */,
			);
			name = Pods;
			sourceTree = "<group>";
		};
		4F45BF0C1D53D0290029FD30 = {
			isa = PBXGroup;
			children = (
				4F45BF171D53D0290029FD30 /* Team-Tiger */,
				4F45BF161D53D0290029FD30 /* Products */,
				063386E6F9ADA74CDD857BEF /* Pods */,
				E9C411D10D7688EDCFABCCB9 /* Frameworks */,
			);
			sourceTree = "<group>";
		};
		4F45BF161D53D0290029FD30 /* Products */ = {
			isa = PBXGroup;
			children = (
				4F45BF151D53D0290029FD30 /* Team-Tiger.app */,
			);
			name = Products;
			sourceTree = "<group>";
		};
		4F45BF171D53D0290029FD30 /* Team-Tiger */ = {
			isa = PBXGroup;
			children = (
				11DF7A0C1D5528BE004E410E /* Secrets.swift */,
				174A95B01D5903F800841B2C /* LocationStuff.swift */,
				4F45BF181D53D0290029FD30 /* AppDelegate.swift */,
				11024A4E1D551C490001BAFC /* DataStore.swift */,
				4F82FE561D6495E30085DBA4 /* ViewControllers */,
				4F82FE551D6495CE0085DBA4 /* APIs */,
				4F82FE541D64956C0085DBA4 /* Storyboards */,
				4F82FE531D6495540085DBA4 /* CoreDataEntities */,
				4F82FE521D64952A0085DBA4 /* CurrentlyUnused */,
				4F45BF221D53D0290029FD30 /* Assets.xcassets */,
				4F45BF241D53D0290029FD30 /* LaunchScreen.storyboard */,
				4F45BF271D53D0290029FD30 /* Info.plist */,
				4F45BF1F1D53D0290029FD30 /* Team_Tiger.xcdatamodeld */,
			);
			path = "Team-Tiger";
			sourceTree = "<group>";
		};
		4F82FE521D64952A0085DBA4 /* CurrentlyUnused */ = {
			isa = PBXGroup;
			children = (
				4F45BF1A1D53D0290029FD30 /* ViewController.swift */,
				1145F1DC1D5CF7E400DEFA97 /* FarmersMarketTableViewController.swift */,
				110E70F11D5D035C0063AE78 /* CommunityGardensTableViewController.swift */,
				110E70F31D5D08D00063AE78 /* BotanicalGardensTableViewController.swift */,
			);
			name = CurrentlyUnused;
			sourceTree = "<group>";
		};
		4F82FE531D6495540085DBA4 /* CoreDataEntities */ = {
			isa = PBXGroup;
			children = (
				4F66D8BB1D650C9100C45E8F /* User+CoreDataProperties.swift */,
				4F66D8BC1D650C9100C45E8F /* User.swift */,
				4F66D8BD1D650C9100C45E8F /* Location+CoreDataProperties.swift */,
				4F66D8BE1D650C9100C45E8F /* Location.swift */,
			);
			name = CoreDataEntities;
			sourceTree = "<group>";
		};
		4F82FE541D64956C0085DBA4 /* Storyboards */ = {
			isa = PBXGroup;
			children = (
				4F57E5D91D5D27FA00A6B27B /* KC.storyboard */,
				4F57E5DC1D5E0AB800A6B27B /* TableViewsStoryBoard.storyboard */,
				4F66D8C71D661A4900C45E8F /* AQI.storyboard */,
				8F0257D81D6155DB002F9D5B /* detailVC.storyboard */,
			);
			name = Storyboards;
			sourceTree = "<group>";
		};
		4F82FE551D6495CE0085DBA4 /* APIs */ = {
			isa = PBXGroup;
			children = (
				4F8C6DA21D5BBD3400291193 /* AirQualityAPIClient.swift */,
				4F5277741D5A49CC00B4EE49 /* ParksAPIClient.swift */,
			);
			name = APIs;
			sourceTree = "<group>";
		};
		4F82FE561D6495E30085DBA4 /* ViewControllers */ = {
			isa = PBXGroup;
			children = (
				4F6B89B51D5A79AE0051BA1C /* OnboardingPageViewController.swift */,
				4F6B89B71D5A7D090051BA1C /* OnboardingViewController.swift */,
				4F57E5DE1D5E0B7500A6B27B /* ButtonsViewController.swift */,
				4F57E5E01D5E0FCA00A6B27B /* SearchResultsTableViewController.swift */,
				8F0257DA1D61562A002F9D5B /* detailViewController.swift */,
				4F66D8C31D650F2B00C45E8F /* FavoritesTableViewController.swift */,
				4F66D8C91D66262F00C45E8F /* AQIViewController.swift */,
			);
			name = ViewControllers;
			sourceTree = "<group>";
		};
		E9C411D10D7688EDCFABCCB9 /* Frameworks */ = {
			isa = PBXGroup;
			children = (
				A6660E91AC978080390424C0 /* Pods_Team_Tiger.framework */,
			);
			name = Frameworks;
			sourceTree = "<group>";
		};
/* End PBXGroup section */

/* Begin PBXNativeTarget section */
		4F45BF141D53D0290029FD30 /* Team-Tiger */ = {
			isa = PBXNativeTarget;
			buildConfigurationList = 4F45BF2A1D53D0290029FD30 /* Build configuration list for PBXNativeTarget "Team-Tiger" */;
			buildPhases = (
				798E94D04FC72C09A3C31544 /* [CP] Check Pods Manifest.lock */,
				4F45BF111D53D0290029FD30 /* Sources */,
				4F45BF121D53D0290029FD30 /* Frameworks */,
				4F45BF131D53D0290029FD30 /* Resources */,
				B3E4519F39E960FA73ACE9C8 /* [CP] Embed Pods Frameworks */,
				BB4D707AAC0853F2D7983F4D /* [CP] Copy Pods Resources */,
			);
			buildRules = (
			);
			dependencies = (
			);
			name = "Team-Tiger";
			productName = "Team-Tiger";
			productReference = 4F45BF151D53D0290029FD30 /* Team-Tiger.app */;
			productType = "com.apple.product-type.application";
		};
/* End PBXNativeTarget section */

/* Begin PBXProject section */
		4F45BF0D1D53D0290029FD30 /* Project object */ = {
			isa = PBXProject;
			attributes = {
				LastSwiftUpdateCheck = 0730;
				LastUpgradeCheck = 0730;
				ORGANIZATIONNAME = kencooke;
				TargetAttributes = {
					4F45BF141D53D0290029FD30 = {
						CreatedOnToolsVersion = 7.3.1;
						DevelopmentTeam = 955825D98U;
					};
				};
			};
			buildConfigurationList = 4F45BF101D53D0290029FD30 /* Build configuration list for PBXProject "Team-Tiger" */;
			compatibilityVersion = "Xcode 3.2";
			developmentRegion = English;
			hasScannedForEncodings = 0;
			knownRegions = (
				en,
				Base,
			);
			mainGroup = 4F45BF0C1D53D0290029FD30;
			productRefGroup = 4F45BF161D53D0290029FD30 /* Products */;
			projectDirPath = "";
			projectRoot = "";
			targets = (
				4F45BF141D53D0290029FD30 /* Team-Tiger */,
			);
		};
/* End PBXProject section */

/* Begin PBXResourcesBuildPhase section */
		4F45BF131D53D0290029FD30 /* Resources */ = {
			isa = PBXResourcesBuildPhase;
			buildActionMask = 2147483647;
			files = (
				8F0257D91D6155DB002F9D5B /* detailVC.storyboard in Resources */,
				4F57E5DB1D5D27FA00A6B27B /* KC.storyboard in Resources */,
				4F66D8C81D661A4900C45E8F /* AQI.storyboard in Resources */,
				4F57E5DD1D5E0AB800A6B27B /* TableViewsStoryBoard.storyboard in Resources */,
				4F45BF261D53D0290029FD30 /* LaunchScreen.storyboard in Resources */,
				4F45BF231D53D0290029FD30 /* Assets.xcassets in Resources */,
			);
			runOnlyForDeploymentPostprocessing = 0;
		};
/* End PBXResourcesBuildPhase section */

/* Begin PBXShellScriptBuildPhase section */
		798E94D04FC72C09A3C31544 /* [CP] Check Pods Manifest.lock */ = {
			isa = PBXShellScriptBuildPhase;
			buildActionMask = 2147483647;
			files = (
			);
			inputPaths = (
			);
			name = "[CP] Check Pods Manifest.lock";
			outputPaths = (
			);
			runOnlyForDeploymentPostprocessing = 0;
			shellPath = /bin/sh;
			shellScript = "diff \"${PODS_ROOT}/../Podfile.lock\" \"${PODS_ROOT}/Manifest.lock\" > /dev/null\nif [[ $? != 0 ]] ; then\n    cat << EOM\nerror: The sandbox is not in sync with the Podfile.lock. Run 'pod install' or update your CocoaPods installation.\nEOM\n    exit 1\nfi\n";
			showEnvVarsInLog = 0;
		};
		B3E4519F39E960FA73ACE9C8 /* [CP] Embed Pods Frameworks */ = {
			isa = PBXShellScriptBuildPhase;
			buildActionMask = 2147483647;
			files = (
			);
			inputPaths = (
			);
			name = "[CP] Embed Pods Frameworks";
			outputPaths = (
			);
			runOnlyForDeploymentPostprocessing = 0;
			shellPath = /bin/sh;
			shellScript = "\"${SRCROOT}/Pods/Target Support Files/Pods-Team-Tiger/Pods-Team-Tiger-frameworks.sh\"\n";
			showEnvVarsInLog = 0;
		};
		BB4D707AAC0853F2D7983F4D /* [CP] Copy Pods Resources */ = {
			isa = PBXShellScriptBuildPhase;
			buildActionMask = 2147483647;
			files = (
			);
			inputPaths = (
			);
			name = "[CP] Copy Pods Resources";
			outputPaths = (
			);
			runOnlyForDeploymentPostprocessing = 0;
			shellPath = /bin/sh;
			shellScript = "\"${SRCROOT}/Pods/Target Support Files/Pods-Team-Tiger/Pods-Team-Tiger-resources.sh\"\n";
			showEnvVarsInLog = 0;
		};
/* End PBXShellScriptBuildPhase section */

/* Begin PBXSourcesBuildPhase section */
		4F45BF111D53D0290029FD30 /* Sources */ = {
			isa = PBXSourcesBuildPhase;
			buildActionMask = 2147483647;
			files = (
				8F0257DB1D61562A002F9D5B /* detailViewController.swift in Sources */,
				11DF7A0D1D5528BE004E410E /* Secrets.swift in Sources */,
				4F66D8BF1D650C9100C45E8F /* User+CoreDataProperties.swift in Sources */,
				4F66D8C41D650F2B00C45E8F /* FavoritesTableViewController.swift in Sources */,
				4F45BF211D53D0290029FD30 /* Team_Tiger.xcdatamodeld in Sources */,
				4F66D8CA1D66262F00C45E8F /* AQIViewController.swift in Sources */,
				4F8C6DA31D5BBD3400291193 /* AirQualityAPIClient.swift in Sources */,
				110E70F41D5D08D00063AE78 /* BotanicalGardensTableViewController.swift in Sources */,
				110E70F21D5D035C0063AE78 /* CommunityGardensTableViewController.swift in Sources */,
				4F66D8C01D650C9100C45E8F /* User.swift in Sources */,
				4F6B89B61D5A79AE0051BA1C /* OnboardingPageViewController.swift in Sources */,
				4F57E5DF1D5E0B7500A6B27B /* ButtonsViewController.swift in Sources */,
				4F6B89B81D5A7D090051BA1C /* OnboardingViewController.swift in Sources */,
				4F45BF1B1D53D0290029FD30 /* ViewController.swift in Sources */,
				174A95B11D5903F800841B2C /* LocationStuff.swift in Sources */,
				4F5277751D5A49CC00B4EE49 /* ParksAPIClient.swift in Sources */,
				4F66D8C21D650C9100C45E8F /* Location.swift in Sources */,
				4F66D8C11D650C9100C45E8F /* Location+CoreDataProperties.swift in Sources */,
				11024A4F1D551C490001BAFC /* DataStore.swift in Sources */,
				4F57E5E11D5E0FCA00A6B27B /* SearchResultsTableViewController.swift in Sources */,
				4F45BF191D53D0290029FD30 /* AppDelegate.swift in Sources */,
			);
			runOnlyForDeploymentPostprocessing = 0;
		};
/* End PBXSourcesBuildPhase section */

/* Begin PBXVariantGroup section */
		4F45BF241D53D0290029FD30 /* LaunchScreen.storyboard */ = {
			isa = PBXVariantGroup;
			children = (
				4F45BF251D53D0290029FD30 /* Base */,
			);
			name = LaunchScreen.storyboard;
			sourceTree = "<group>";
		};
		4F57E5D91D5D27FA00A6B27B /* KC.storyboard */ = {
			isa = PBXVariantGroup;
			children = (
				4F57E5DA1D5D27FA00A6B27B /* Base */,
			);
			name = KC.storyboard;
			sourceTree = "<group>";
		};
/* End PBXVariantGroup section */

/* Begin XCBuildConfiguration section */
		4F45BF281D53D0290029FD30 /* Debug */ = {
			isa = XCBuildConfiguration;
			buildSettings = {
				ALWAYS_SEARCH_USER_PATHS = NO;
				CLANG_ANALYZER_NONNULL = YES;
				CLANG_CXX_LANGUAGE_STANDARD = "gnu++0x";
				CLANG_CXX_LIBRARY = "libc++";
				CLANG_ENABLE_MODULES = YES;
				CLANG_ENABLE_OBJC_ARC = YES;
				CLANG_WARN_BOOL_CONVERSION = YES;
				CLANG_WARN_CONSTANT_CONVERSION = YES;
				CLANG_WARN_DIRECT_OBJC_ISA_USAGE = YES_ERROR;
				CLANG_WARN_EMPTY_BODY = YES;
				CLANG_WARN_ENUM_CONVERSION = YES;
				CLANG_WARN_INT_CONVERSION = YES;
				CLANG_WARN_OBJC_ROOT_CLASS = YES_ERROR;
				CLANG_WARN_UNREACHABLE_CODE = YES;
				CLANG_WARN__DUPLICATE_METHOD_MATCH = YES;
				"CODE_SIGN_IDENTITY[sdk=iphoneos*]" = "iPhone Developer";
				COPY_PHASE_STRIP = NO;
				DEBUG_INFORMATION_FORMAT = dwarf;
				ENABLE_STRICT_OBJC_MSGSEND = YES;
				ENABLE_TESTABILITY = YES;
				GCC_C_LANGUAGE_STANDARD = gnu99;
				GCC_DYNAMIC_NO_PIC = NO;
				GCC_NO_COMMON_BLOCKS = YES;
				GCC_OPTIMIZATION_LEVEL = 0;
				GCC_PREPROCESSOR_DEFINITIONS = (
					"DEBUG=1",
					"$(inherited)",
				);
				GCC_WARN_64_TO_32_BIT_CONVERSION = YES;
				GCC_WARN_ABOUT_RETURN_TYPE = YES_ERROR;
				GCC_WARN_UNDECLARED_SELECTOR = YES;
				GCC_WARN_UNINITIALIZED_AUTOS = YES_AGGRESSIVE;
				GCC_WARN_UNUSED_FUNCTION = YES;
				GCC_WARN_UNUSED_VARIABLE = YES;
				IPHONEOS_DEPLOYMENT_TARGET = 9.3;
				MTL_ENABLE_DEBUG_INFO = YES;
				ONLY_ACTIVE_ARCH = YES;
				SDKROOT = iphoneos;
				SWIFT_OPTIMIZATION_LEVEL = "-Onone";
			};
			name = Debug;
		};
		4F45BF291D53D0290029FD30 /* Release */ = {
			isa = XCBuildConfiguration;
			buildSettings = {
				ALWAYS_SEARCH_USER_PATHS = NO;
				CLANG_ANALYZER_NONNULL = YES;
				CLANG_CXX_LANGUAGE_STANDARD = "gnu++0x";
				CLANG_CXX_LIBRARY = "libc++";
				CLANG_ENABLE_MODULES = YES;
				CLANG_ENABLE_OBJC_ARC = YES;
				CLANG_WARN_BOOL_CONVERSION = YES;
				CLANG_WARN_CONSTANT_CONVERSION = YES;
				CLANG_WARN_DIRECT_OBJC_ISA_USAGE = YES_ERROR;
				CLANG_WARN_EMPTY_BODY = YES;
				CLANG_WARN_ENUM_CONVERSION = YES;
				CLANG_WARN_INT_CONVERSION = YES;
				CLANG_WARN_OBJC_ROOT_CLASS = YES_ERROR;
				CLANG_WARN_UNREACHABLE_CODE = YES;
				CLANG_WARN__DUPLICATE_METHOD_MATCH = YES;
				"CODE_SIGN_IDENTITY[sdk=iphoneos*]" = "iPhone Developer";
				COPY_PHASE_STRIP = NO;
				DEBUG_INFORMATION_FORMAT = "dwarf-with-dsym";
				ENABLE_NS_ASSERTIONS = NO;
				ENABLE_STRICT_OBJC_MSGSEND = YES;
				GCC_C_LANGUAGE_STANDARD = gnu99;
				GCC_NO_COMMON_BLOCKS = YES;
				GCC_WARN_64_TO_32_BIT_CONVERSION = YES;
				GCC_WARN_ABOUT_RETURN_TYPE = YES_ERROR;
				GCC_WARN_UNDECLARED_SELECTOR = YES;
				GCC_WARN_UNINITIALIZED_AUTOS = YES_AGGRESSIVE;
				GCC_WARN_UNUSED_FUNCTION = YES;
				GCC_WARN_UNUSED_VARIABLE = YES;
				IPHONEOS_DEPLOYMENT_TARGET = 9.3;
				MTL_ENABLE_DEBUG_INFO = NO;
				SDKROOT = iphoneos;
				VALIDATE_PRODUCT = YES;
			};
			name = Release;
		};
		4F45BF2B1D53D0290029FD30 /* Debug */ = {
			isa = XCBuildConfiguration;
			baseConfigurationReference = F15865EB5669683C33E0A35B /* Pods-Team-Tiger.debug.xcconfig */;
			buildSettings = {
				ASSETCATALOG_COMPILER_APPICON_NAME = AppIcon;
				CODE_SIGN_IDENTITY = "iPhone Developer";
				"CODE_SIGN_IDENTITY[sdk=iphoneos*]" = "iPhone Developer";
				FRAMEWORK_SEARCH_PATHS = (
					"<Multiple",
					"values>",
					"$(inherited)",
				);
				INFOPLIST_FILE = "Team-Tiger/Info.plist";
				LD_RUNPATH_SEARCH_PATHS = "$(inherited) @executable_path/Frameworks";
				PRODUCT_BUNDLE_IDENTIFIER = "com.Team-Tiger-ios-0616";
				PRODUCT_NAME = "$(TARGET_NAME)";
				PROVISIONING_PROFILE = "";
			};
			name = Debug;
		};
		4F45BF2C1D53D0290029FD30 /* Release */ = {
			isa = XCBuildConfiguration;
			baseConfigurationReference = B7B2832F296E0C175CC97110 /* Pods-Team-Tiger.release.xcconfig */;
			buildSettings = {
				ASSETCATALOG_COMPILER_APPICON_NAME = AppIcon;
				CODE_SIGN_IDENTITY = "iPhone Developer";
				"CODE_SIGN_IDENTITY[sdk=iphoneos*]" = "iPhone Developer";
				FRAMEWORK_SEARCH_PATHS = (
					"<Multiple",
					"values>",
					"$(inherited)",
				);
				INFOPLIST_FILE = "Team-Tiger/Info.plist";
				LD_RUNPATH_SEARCH_PATHS = "$(inherited) @executable_path/Frameworks";
				PRODUCT_BUNDLE_IDENTIFIER = "com.Team-Tiger-ios-0616";
				PRODUCT_NAME = "$(TARGET_NAME)";
				PROVISIONING_PROFILE = "";
			};
			name = Release;
		};
/* End XCBuildConfiguration section */

/* Begin XCConfigurationList section */
		4F45BF101D53D0290029FD30 /* Build configuration list for PBXProject "Team-Tiger" */ = {
			isa = XCConfigurationList;
			buildConfigurations = (
				4F45BF281D53D0290029FD30 /* Debug */,
				4F45BF291D53D0290029FD30 /* Release */,
			);
			defaultConfigurationIsVisible = 0;
			defaultConfigurationName = Release;
		};
		4F45BF2A1D53D0290029FD30 /* Build configuration list for PBXNativeTarget "Team-Tiger" */ = {
			isa = XCConfigurationList;
			buildConfigurations = (
				4F45BF2B1D53D0290029FD30 /* Debug */,
				4F45BF2C1D53D0290029FD30 /* Release */,
			);
			defaultConfigurationIsVisible = 0;
			defaultConfigurationName = Release;
		};
/* End XCConfigurationList section */

/* Begin XCVersionGroup section */
		4F45BF1F1D53D0290029FD30 /* Team_Tiger.xcdatamodeld */ = {
			isa = XCVersionGroup;
			children = (
				4F45BF201D53D0290029FD30 /* Team_Tiger.xcdatamodel */,
			);
			currentVersion = 4F45BF201D53D0290029FD30 /* Team_Tiger.xcdatamodel */;
			path = Team_Tiger.xcdatamodeld;
			sourceTree = "<group>";
			versionGroupType = wrapper.xcdatamodel;
		};
/* End XCVersionGroup section */
	};
	rootObject = 4F45BF0D1D53D0290029FD30 /* Project object */;
}
